
Microsoft Visual Studio Solution File, Format Version 12.00
# Visual Studio 14
VisualStudioVersion = 14.0.25123.0
MinimumVisualStudioVersion = 10.0.40219.1
Project("{FAE04EC0-301F-11D3-BF4B-00C04F79EFBC}") = "Cronus.Migration.Middleware", "Cronus.Migration.Middleware\Cronus.Migration.Middleware.csproj", "{C21075A4-CBB5-42FA-B668-740B71A00D7B}"
EndProject
Project("{FAE04EC0-301F-11D3-BF4B-00C04F79EFBC}") = "Cronus.Migration.Middleware.Tests", "Cronus.Migration.Middleware.Tests\Cronus.Migration.Middleware.Tests.csproj", "{61B670FD-CA97-43DF-AE52-86A7DF43CE5F}"
EndProject
Global
	GlobalSection(SolutionConfigurationPlatforms) = preSolution
		Debug|Any CPU = Debug|Any CPU
		Release|Any CPU = Release|Any CPU
	EndGlobalSection
	GlobalSection(ProjectConfigurationPlatforms) = postSolution
		{C21075A4-CBB5-42FA-B668-740B71A00D7B}.Debug|Any CPU.ActiveCfg = Debug|Any CPU
		{C21075A4-CBB5-42FA-B668-740B71A00D7B}.Debug|Any CPU.Build.0 = Debug|Any CPU
		{C21075A4-CBB5-42FA-B668-740B71A00D7B}.Release|Any CPU.ActiveCfg = Release|Any CPU
		{C21075A4-CBB5-42FA-B668-740B71A00D7B}.Release|Any CPU.Build.0 = Release|Any CPU
		{61B670FD-CA97-43DF-AE52-86A7DF43CE5F}.Debug|Any CPU.ActiveCfg = Debug|Any CPU
		{61B670FD-CA97-43DF-AE52-86A7DF43CE5F}.Debug|Any CPU.Build.0 = Debug|Any CPU
		{61B670FD-CA97-43DF-AE52-86A7DF43CE5F}.Release|Any CPU.ActiveCfg = Release|Any CPU
		{61B670FD-CA97-43DF-AE52-86A7DF43CE5F}.Release|Any CPU.Build.0 = Release|Any CPU
	EndGlobalSection
	GlobalSection(SolutionProperties) = preSolution
		HideSolutionNode = FALSE
	EndGlobalSection
EndGlobal
