
Microsoft Visual Studio Solution File, Format Version 12.00
# Visual Studio 14
VisualStudioVersion = 14.0.25123.0
MinimumVisualStudioVersion = 10.0.40219.1
Project("{FAE04EC0-301F-11D3-BF4B-00C04F79EFBC}") = "Elders.Cronus.Migration.Middleware", "Elders.Cronus.Migration.Middleware\Elders.Cronus.Migration.Middleware.csproj", "{C21075A4-CBB5-42FA-B668-740B71A00D7B}"
EndProject
Project("{FAE04EC0-301F-11D3-BF4B-00C04F79EFBC}") = "Elders.Cronus.Migration.Middleware.Tests", "Elders.Cronus.Migration.Middleware.Tests\Elders.Cronus.Migration.Middleware.Tests.csproj", "{61B670FD-CA97-43DF-AE52-86A7DF43CE5F}"
EndProject
Project("{2150E333-8FDC-42A3-9474-1A3956D46DE8}") = ".build", ".build", "{52F6E494-49F1-47B8-951A-1A50A1D10630}"
	ProjectSection(SolutionItems) = preProject
		Elders.Cronus.Migration.Middleware\Elders.Cronus.Migration.Middleware.nuspec = Elders.Cronus.Migration.Middleware\Elders.Cronus.Migration.Middleware.nuspec
		Elders.Cronus.Migration.Middleware\RELEASE_NOTES.md = Elders.Cronus.Migration.Middleware\RELEASE_NOTES.md
	EndProjectSection
EndProject
Global
	GlobalSection(SolutionConfigurationPlatforms) = preSolution
		Debug|Any CPU = Debug|Any CPU
		Release|Any CPU = Release|Any CPU
	EndGlobalSection
	GlobalSection(ProjectConfigurationPlatforms) = postSolution
		{C21075A4-CBB5-42FA-B668-740B71A00D7B}.Debug|Any CPU.ActiveCfg = Debug|Any CPU
		{C21075A4-CBB5-42FA-B668-740B71A00D7B}.Debug|Any CPU.Build.0 = Debug|Any CPU
		{C21075A4-CBB5-42FA-B668-740B71A00D7B}.Release|Any CPU.ActiveCfg = Release|Any CPU
		{C21075A4-CBB5-42FA-B668-740B71A00D7B}.Release|Any CPU.Build.0 = Release|Any CPU
		{61B670FD-CA97-43DF-AE52-86A7DF43CE5F}.Debug|Any CPU.ActiveCfg = Debug|Any CPU
		{61B670FD-CA97-43DF-AE52-86A7DF43CE5F}.Debug|Any CPU.Build.0 = Debug|Any CPU
		{61B670FD-CA97-43DF-AE52-86A7DF43CE5F}.Release|Any CPU.ActiveCfg = Release|Any CPU
		{61B670FD-CA97-43DF-AE52-86A7DF43CE5F}.Release|Any CPU.Build.0 = Release|Any CPU
	EndGlobalSection
	GlobalSection(SolutionProperties) = preSolution
		HideSolutionNode = FALSE
	EndGlobalSection
EndGlobal
